
Microsoft Visual Studio Solution File, Format Version 12.00
# Visual Studio 15
Project("{FAE04EC0-301F-11D3-BF4B-00C04F79EFBC}") = "Assembly-CSharp", "Assembly-CSharp.csproj", "{1DF1F2ED-F626-D32D-C28F-736A687E7289}"
EndProject
Project("{FAE04EC0-301F-11D3-BF4B-00C04F79EFBC}") = "Assembly-CSharp-Editor", "Assembly-CSharp-Editor.csproj", "{B63B526F-70C6-E23D-EBB5-B2C565660182}"
EndProject
Global
	GlobalSection(SolutionConfigurationPlatforms) = preSolution
		Debug|Any CPU = Debug|Any CPU
		Release|Any CPU = Release|Any CPU
	EndGlobalSection
	GlobalSection(ProjectConfigurationPlatforms) = postSolution
		{1DF1F2ED-F626-D32D-C28F-736A687E7289}.Debug|Any CPU.ActiveCfg = Debug|Any CPU
		{1DF1F2ED-F626-D32D-C28F-736A687E7289}.Debug|Any CPU.Build.0 = Debug|Any CPU
		{1DF1F2ED-F626-D32D-C28F-736A687E7289}.Release|Any CPU.ActiveCfg = Release|Any CPU
		{1DF1F2ED-F626-D32D-C28F-736A687E7289}.Release|Any CPU.Build.0 = Release|Any CPU
		{B63B526F-70C6-E23D-EBB5-B2C565660182}.Debug|Any CPU.ActiveCfg = Debug|Any CPU
		{B63B526F-70C6-E23D-EBB5-B2C565660182}.Debug|Any CPU.Build.0 = Debug|Any CPU
		{B63B526F-70C6-E23D-EBB5-B2C565660182}.Release|Any CPU.ActiveCfg = Release|Any CPU
		{B63B526F-70C6-E23D-EBB5-B2C565660182}.Release|Any CPU.Build.0 = Release|Any CPU
	EndGlobalSection
	GlobalSection(SolutionProperties) = preSolution
		HideSolutionNode = FALSE
	EndGlobalSection
EndGlobal
